
Microsoft Visual Studio Solution File, Format Version 12.00
# Visual Studio 15
VisualStudioVersion = 15.0.27703.2042
MinimumVisualStudioVersion = 10.0.40219.1
Project("{9A19103F-16F7-4668-BE54-9A1E7A4F7556}") = "DatingApp.API", "DatingApp.API\DatingApp.API.csproj", "{014D65EA-82B1-4B0E-B02F-8DB50CD1260D}"
EndProject
Global
	GlobalSection(SolutionConfigurationPlatforms) = preSolution
		Debug|Any CPU = Debug|Any CPU
		Release|Any CPU = Release|Any CPU
	EndGlobalSection
	GlobalSection(ProjectConfigurationPlatforms) = postSolution
		{014D65EA-82B1-4B0E-B02F-8DB50CD1260D}.Debug|Any CPU.ActiveCfg = Debug|Any CPU
		{014D65EA-82B1-4B0E-B02F-8DB50CD1260D}.Debug|Any CPU.Build.0 = Debug|Any CPU
		{014D65EA-82B1-4B0E-B02F-8DB50CD1260D}.Release|Any CPU.ActiveCfg = Release|Any CPU
		{014D65EA-82B1-4B0E-B02F-8DB50CD1260D}.Release|Any CPU.Build.0 = Release|Any CPU
	EndGlobalSection
	GlobalSection(SolutionProperties) = preSolution
		HideSolutionNode = FALSE
	EndGlobalSection
	GlobalSection(ExtensibilityGlobals) = postSolution
		SolutionGuid = {E0E9DB8C-2BC7-4C8E-81B0-2D91E1C711B3}
	EndGlobalSection
EndGlobal
